{
  "version": 4,
  "terraform_version": "1.5.1",
  "serial": 44,
  "lineage": "9ac75d2c-f9f9-e87e-7f47-c3bd332be556",
  "outputs": {
    "vm_names": {
      "value": [
        "vm0",
        "vm1",
        "vm2",
        "vm3",
        "vm4"
      ],
      "type": [
        "tuple",
        [
          "string",
          "string",
          "string",
          "string",
          "string"
        ]
      ]
    }
  },
  "resources": [
    {
      "mode": "data",
      "type": "local_file",
      "name": "computers",
      "provider": "provider[\"registry.terraform.io/hashicorp/local\"]",
      "instances": [
        {
          "schema_version": 0,
          "attributes": {
            "content": "vm0\r\nvm1\r\nvm2\r\nvm3\r\nvm4",
            "content_base64": "dm0wDQp2bTENCnZtMg0Kdm0zDQp2bTQ=",
            "content_base64sha256": "hmeFuBKBuh2Kt+Q0Kp5RjlmZxD2Y5o8AifwqPN01xeU=",
            "content_base64sha512": "x1S/KCXfT7cIfSAeJjG8HpcPYympNmL17fzCPIGmCPtenMUkvr8gGA5ilhZO/Vn3IlR/9XIpUH6ECEhzb9AAyg==",
            "content_md5": "33c7a5557fe0e27939bdcc6861404cbd",
            "content_sha1": "15f992fa8877734deae67808cc431d5adec4ef54",
            "content_sha256": "866785b81281ba1d8ab7e4342a9e518e5999c43d98e68f0089fc2a3cdd35c5e5",
            "content_sha512": "c754bf2825df4fb7087d201e2631bc1e970f6329a93662f5edfcc23c81a608fb5e9cc524bebf20180e6296164efd59f722547ff57229507e840848736fd000ca",
            "filename": "./computers.txt",
            "id": "15f992fa8877734deae67808cc431d5adec4ef54"
          },
          "sensitive_attributes": []
        }
      ]
    },
    {
      "mode": "managed",
      "type": "yandex_compute_instance",
      "name": "vm",
      "provider": "provider[\"terraform-registry.storage.yandexcloud.net/yandex-cloud/yandex\"]",
      "instances": [
        {
          "index_key": 0,
          "schema_version": 1,
          "attributes": {
            "allow_stopping_for_update": null,
            "boot_disk": [
              {
                "auto_delete": true,
                "device_name": "fhm3fhuj16opcs4vfvgf",
                "disk_id": "fhm3fhuj16opcs4vfvgf",
                "initialize_params": [
                  {
                    "block_size": 4096,
                    "description": "",
                    "image_id": "fd8vmcue7aajpmeo39kk",
                    "name": "",
                    "size": 3,
                    "snapshot_id": "",
                    "type": "network-hdd"
                  }
                ],
                "mode": "READ_WRITE"
              }
            ],
            "created_at": "2023-11-30T12:57:10Z",
            "description": "",
            "folder_id": "b1g39t67vggeoojk6dn8",
            "fqdn": "fhmupv1q5ko1rjjefrrm.auto.internal",
            "hostname": "fhmupv1q5ko1rjjefrrm",
            "id": "fhmupv1q5ko1rjjefrrm",
            "labels": null,
            "metadata": {
              "ssh-keys": "ubuntu:ssh-rsa AAAAB3NzaC1yc2EAAAABJQAAAQEAmuC0B6XNRTgw1XQYq8dY5Z4YNyiNUf7HS8NHmAExlHYAfk+Si/fJq8LpYPj/gGHanKZm3wJw9Y6km4/Yblri0bio+sJolCh/h895T/WmNzI//QHoqxiteKxWe7eATiUwlJjwi5EW/px8cCo1m0bJ096gi0N2o2O5C1euMM3qMW1ViUYtq+XhogpVThTkuG5ga3Rgd9pit3M+5sWvtcaYmFiHkjrwt6SaKR2A6wg3zRcJURhJDI5bDcw6hXNiZaemuFrInOdTC0JcwQL7LvzyjVX0E/UNkyfu2wNaZ1JTRMumwqlT5QEFdnzjYzIPOIReynDcfvInNNtTxoBdi0V/4Q== rsa-key-20220907"
            },
            "name": "vm0",
            "network_acceleration_type": "standard",
            "network_interface": [
              {
                "dns_record": [],
                "index": 0,
                "ip_address": "192.168.10.35",
                "ipv4": true,
                "ipv6": false,
                "ipv6_address": "",
                "ipv6_dns_record": [],
                "mac_address": "d0:0d:1e:cf:c3:a2",
                "nat": true,
                "nat_dns_record": [],
                "nat_ip_address": "158.160.123.196",
                "nat_ip_version": "IPV4",
                "security_group_ids": [],
                "subnet_id": "e9btc6j5dgln4r64845p"
              }
            ],
            "placement_policy": [
              {
                "placement_group_id": ""
              }
            ],
            "platform_id": "standard-v1",
            "resources": [
              {
                "core_fraction": 100,
                "cores": 2,
                "gpus": 0,
                "memory": 2
              }
            ],
            "scheduling_policy": [
              {
                "preemptible": false
              }
            ],
            "secondary_disk": [],
            "service_account_id": "",
            "status": "running",
            "timeouts": null,
            "zone": "ru-central1-a"
          },
          "sensitive_attributes": [],
          "private": "eyJlMmJmYjczMC1lY2FhLTExZTYtOGY4OC0zNDM2M2JjN2M0YzAiOnsiY3JlYXRlIjozMDAwMDAwMDAwMDAsImRlbGV0ZSI6MzAwMDAwMDAwMDAwLCJ1cGRhdGUiOjMwMDAwMDAwMDAwMH0sInNjaGVtYV92ZXJzaW9uIjoiMSJ9",
          "dependencies": [
            "data.local_file.computers",
            "yandex_resourcemanager_folder.my_folder",
            "yandex_vpc_subnet.my_subnet"
          ]
        },
        {
          "index_key": 1,
          "schema_version": 1,
          "attributes": {
            "allow_stopping_for_update": null,
            "boot_disk": [
              {
                "auto_delete": true,
                "device_name": "fhm0vkvh394o02btngsn",
                "disk_id": "fhm0vkvh394o02btngsn",
                "initialize_params": [
                  {
                    "block_size": 4096,
                    "description": "",
                    "image_id": "fd8vmcue7aajpmeo39kk",
                    "name": "",
                    "size": 3,
                    "snapshot_id": "",
                    "type": "network-hdd"
                  }
                ],
                "mode": "READ_WRITE"
              }
            ],
            "created_at": "2023-11-30T12:57:10Z",
            "description": "",
            "folder_id": "b1g39t67vggeoojk6dn8",
            "fqdn": "fhmd7g2qddcp6u8mb7tf.auto.internal",
            "hostname": "fhmd7g2qddcp6u8mb7tf",
            "id": "fhmd7g2qddcp6u8mb7tf",
            "labels": null,
            "metadata": {
              "ssh-keys": "ubuntu:ssh-rsa AAAAB3NzaC1yc2EAAAABJQAAAQEAmuC0B6XNRTgw1XQYq8dY5Z4YNyiNUf7HS8NHmAExlHYAfk+Si/fJq8LpYPj/gGHanKZm3wJw9Y6km4/Yblri0bio+sJolCh/h895T/WmNzI//QHoqxiteKxWe7eATiUwlJjwi5EW/px8cCo1m0bJ096gi0N2o2O5C1euMM3qMW1ViUYtq+XhogpVThTkuG5ga3Rgd9pit3M+5sWvtcaYmFiHkjrwt6SaKR2A6wg3zRcJURhJDI5bDcw6hXNiZaemuFrInOdTC0JcwQL7LvzyjVX0E/UNkyfu2wNaZ1JTRMumwqlT5QEFdnzjYzIPOIReynDcfvInNNtTxoBdi0V/4Q== rsa-key-20220907"
            },
            "name": "vm1",
            "network_acceleration_type": "standard",
            "network_interface": [
              {
                "dns_record": [],
                "index": 0,
                "ip_address": "192.168.10.26",
                "ipv4": true,
                "ipv6": false,
                "ipv6_address": "",
                "ipv6_dns_record": [],
                "mac_address": "d0:0d:d3:c0:5a:6b",
                "nat": true,
                "nat_dns_record": [],
                "nat_ip_address": "178.154.201.78",
                "nat_ip_version": "IPV4",
                "security_group_ids": [],
                "subnet_id": "e9btc6j5dgln4r64845p"
              }
            ],
            "placement_policy": [
              {
                "placement_group_id": ""
              }
            ],
            "platform_id": "standard-v1",
            "resources": [
              {
                "core_fraction": 100,
                "cores": 2,
                "gpus": 0,
                "memory": 2
              }
            ],
            "scheduling_policy": [
              {
                "preemptible": false
              }
            ],
            "secondary_disk": [],
            "service_account_id": "",
            "status": "running",
            "timeouts": null,
            "zone": "ru-central1-a"
          },
          "sensitive_attributes": [],
          "private": "eyJlMmJmYjczMC1lY2FhLTExZTYtOGY4OC0zNDM2M2JjN2M0YzAiOnsiY3JlYXRlIjozMDAwMDAwMDAwMDAsImRlbGV0ZSI6MzAwMDAwMDAwMDAwLCJ1cGRhdGUiOjMwMDAwMDAwMDAwMH0sInNjaGVtYV92ZXJzaW9uIjoiMSJ9",
          "dependencies": [
            "data.local_file.computers",
            "yandex_resourcemanager_folder.my_folder",
            "yandex_vpc_subnet.my_subnet"
          ]
        },
        {
          "index_key": 2,
          "schema_version": 1,
          "attributes": {
            "allow_stopping_for_update": null,
            "boot_disk": [
              {
                "auto_delete": true,
                "device_name": "fhmt2uqsp2cjgcui286t",
                "disk_id": "fhmt2uqsp2cjgcui286t",
                "initialize_params": [
                  {
                    "block_size": 4096,
                    "description": "",
                    "image_id": "fd8vmcue7aajpmeo39kk",
                    "name": "",
                    "size": 3,
                    "snapshot_id": "",
                    "type": "network-hdd"
                  }
                ],
                "mode": "READ_WRITE"
              }
            ],
            "created_at": "2023-11-30T12:57:10Z",
            "description": "",
            "folder_id": "b1g39t67vggeoojk6dn8",
            "fqdn": "fhmd6j7s0pv3to7h7jaq.auto.internal",
            "hostname": "fhmd6j7s0pv3to7h7jaq",
            "id": "fhmd6j7s0pv3to7h7jaq",
            "labels": null,
            "metadata": {
              "ssh-keys": "ubuntu:ssh-rsa AAAAB3NzaC1yc2EAAAABJQAAAQEAmuC0B6XNRTgw1XQYq8dY5Z4YNyiNUf7HS8NHmAExlHYAfk+Si/fJq8LpYPj/gGHanKZm3wJw9Y6km4/Yblri0bio+sJolCh/h895T/WmNzI//QHoqxiteKxWe7eATiUwlJjwi5EW/px8cCo1m0bJ096gi0N2o2O5C1euMM3qMW1ViUYtq+XhogpVThTkuG5ga3Rgd9pit3M+5sWvtcaYmFiHkjrwt6SaKR2A6wg3zRcJURhJDI5bDcw6hXNiZaemuFrInOdTC0JcwQL7LvzyjVX0E/UNkyfu2wNaZ1JTRMumwqlT5QEFdnzjYzIPOIReynDcfvInNNtTxoBdi0V/4Q== rsa-key-20220907"
            },
            "name": "vm2",
            "network_acceleration_type": "standard",
            "network_interface": [
              {
                "dns_record": [],
                "index": 0,
                "ip_address": "192.168.10.21",
                "ipv4": true,
                "ipv6": false,
                "ipv6_address": "",
                "ipv6_dns_record": [],
                "mac_address": "d0:0d:d3:4c:fc:06",
                "nat": true,
                "nat_dns_record": [],
                "nat_ip_address": "158.160.110.132",
                "nat_ip_version": "IPV4",
                "security_group_ids": [],
                "subnet_id": "e9btc6j5dgln4r64845p"
              }
            ],
            "placement_policy": [
              {
                "placement_group_id": ""
              }
            ],
            "platform_id": "standard-v1",
            "resources": [
              {
                "core_fraction": 100,
                "cores": 2,
                "gpus": 0,
                "memory": 2
              }
            ],
            "scheduling_policy": [
              {
                "preemptible": false
              }
            ],
            "secondary_disk": [],
            "service_account_id": "",
            "status": "running",
            "timeouts": null,
            "zone": "ru-central1-a"
          },
          "sensitive_attributes": [],
          "private": "eyJlMmJmYjczMC1lY2FhLTExZTYtOGY4OC0zNDM2M2JjN2M0YzAiOnsiY3JlYXRlIjozMDAwMDAwMDAwMDAsImRlbGV0ZSI6MzAwMDAwMDAwMDAwLCJ1cGRhdGUiOjMwMDAwMDAwMDAwMH0sInNjaGVtYV92ZXJzaW9uIjoiMSJ9",
          "dependencies": [
            "data.local_file.computers",
            "yandex_resourcemanager_folder.my_folder",
            "yandex_vpc_subnet.my_subnet"
          ]
        },
        {
          "index_key": 3,
          "schema_version": 1,
          "attributes": {
            "allow_stopping_for_update": null,
            "boot_disk": [
              {
                "auto_delete": true,
                "device_name": "fhmon9a103a1urm66gj4",
                "disk_id": "fhmon9a103a1urm66gj4",
                "initialize_params": [
                  {
                    "block_size": 4096,
                    "description": "",
                    "image_id": "fd8vmcue7aajpmeo39kk",
                    "name": "",
                    "size": 3,
                    "snapshot_id": "",
                    "type": "network-hdd"
                  }
                ],
                "mode": "READ_WRITE"
              }
            ],
            "created_at": "2023-11-30T12:57:10Z",
            "description": "",
            "folder_id": "b1g39t67vggeoojk6dn8",
            "fqdn": "fhmhqev55cdab7snjvu7.auto.internal",
            "hostname": "fhmhqev55cdab7snjvu7",
            "id": "fhmhqev55cdab7snjvu7",
            "labels": null,
            "metadata": {
              "ssh-keys": "ubuntu:ssh-rsa AAAAB3NzaC1yc2EAAAABJQAAAQEAmuC0B6XNRTgw1XQYq8dY5Z4YNyiNUf7HS8NHmAExlHYAfk+Si/fJq8LpYPj/gGHanKZm3wJw9Y6km4/Yblri0bio+sJolCh/h895T/WmNzI//QHoqxiteKxWe7eATiUwlJjwi5EW/px8cCo1m0bJ096gi0N2o2O5C1euMM3qMW1ViUYtq+XhogpVThTkuG5ga3Rgd9pit3M+5sWvtcaYmFiHkjrwt6SaKR2A6wg3zRcJURhJDI5bDcw6hXNiZaemuFrInOdTC0JcwQL7LvzyjVX0E/UNkyfu2wNaZ1JTRMumwqlT5QEFdnzjYzIPOIReynDcfvInNNtTxoBdi0V/4Q== rsa-key-20220907"
            },
            "name": "vm3",
            "network_acceleration_type": "standard",
            "network_interface": [
              {
                "dns_record": [],
                "index": 0,
                "ip_address": "192.168.10.19",
                "ipv4": true,
                "ipv6": false,
                "ipv6_address": "",
                "ipv6_dns_record": [],
                "mac_address": "d0:0d:11:d3:be:52",
                "nat": true,
                "nat_dns_record": [],
                "nat_ip_address": "158.160.55.92",
                "nat_ip_version": "IPV4",
                "security_group_ids": [],
                "subnet_id": "e9btc6j5dgln4r64845p"
              }
            ],
            "placement_policy": [
              {
                "placement_group_id": ""
              }
            ],
            "platform_id": "standard-v1",
            "resources": [
              {
                "core_fraction": 100,
                "cores": 2,
                "gpus": 0,
                "memory": 2
              }
            ],
            "scheduling_policy": [
              {
                "preemptible": false
              }
            ],
            "secondary_disk": [],
            "service_account_id": "",
            "status": "running",
            "timeouts": null,
            "zone": "ru-central1-a"
          },
          "sensitive_attributes": [],
          "private": "eyJlMmJmYjczMC1lY2FhLTExZTYtOGY4OC0zNDM2M2JjN2M0YzAiOnsiY3JlYXRlIjozMDAwMDAwMDAwMDAsImRlbGV0ZSI6MzAwMDAwMDAwMDAwLCJ1cGRhdGUiOjMwMDAwMDAwMDAwMH0sInNjaGVtYV92ZXJzaW9uIjoiMSJ9",
          "dependencies": [
            "data.local_file.computers",
            "yandex_resourcemanager_folder.my_folder",
            "yandex_vpc_subnet.my_subnet"
          ]
        },
        {
          "index_key": 4,
          "schema_version": 1,
          "attributes": {
            "allow_stopping_for_update": null,
            "boot_disk": [
              {
                "auto_delete": true,
                "device_name": "fhm8dibnkt56f8drve76",
                "disk_id": "fhm8dibnkt56f8drve76",
                "initialize_params": [
                  {
                    "block_size": 4096,
                    "description": "",
                    "image_id": "fd8vmcue7aajpmeo39kk",
                    "name": "",
                    "size": 3,
                    "snapshot_id": "",
                    "type": "network-hdd"
                  }
                ],
                "mode": "READ_WRITE"
              }
            ],
            "created_at": "2023-11-30T09:46:35Z",
            "description": "",
            "folder_id": "b1g39t67vggeoojk6dn8",
            "fqdn": "fhmruugu2v1o33u6ub8g.auto.internal",
            "hostname": "fhmruugu2v1o33u6ub8g",
            "id": "fhmruugu2v1o33u6ub8g",
            "labels": {},
            "metadata": {
              "ssh-keys": "ubuntu:ssh-rsa AAAAB3NzaC1yc2EAAAABJQAAAQEAmuC0B6XNRTgw1XQYq8dY5Z4YNyiNUf7HS8NHmAExlHYAfk+Si/fJq8LpYPj/gGHanKZm3wJw9Y6km4/Yblri0bio+sJolCh/h895T/WmNzI//QHoqxiteKxWe7eATiUwlJjwi5EW/px8cCo1m0bJ096gi0N2o2O5C1euMM3qMW1ViUYtq+XhogpVThTkuG5ga3Rgd9pit3M+5sWvtcaYmFiHkjrwt6SaKR2A6wg3zRcJURhJDI5bDcw6hXNiZaemuFrInOdTC0JcwQL7LvzyjVX0E/UNkyfu2wNaZ1JTRMumwqlT5QEFdnzjYzIPOIReynDcfvInNNtTxoBdi0V/4Q== rsa-key-20220907"
            },
            "name": "vm4",
            "network_acceleration_type": "standard",
            "network_interface": [
              {
                "dns_record": [],
                "index": 0,
                "ip_address": "192.168.10.28",
                "ipv4": true,
                "ipv6": false,
                "ipv6_address": "",
                "ipv6_dns_record": [],
                "mac_address": "d0:0d:1b:f7:a1:e1",
                "nat": true,
                "nat_dns_record": [],
                "nat_ip_address": "62.84.116.141",
                "nat_ip_version": "IPV4",
                "security_group_ids": [],
                "subnet_id": "e9btc6j5dgln4r64845p"
              }
            ],
            "placement_policy": [
              {
                "placement_group_id": ""
              }
            ],
            "platform_id": "standard-v1",
            "resources": [
              {
                "core_fraction": 100,
                "cores": 2,
                "gpus": 0,
                "memory": 2
              }
            ],
            "scheduling_policy": [
              {
                "preemptible": false
              }
            ],
            "secondary_disk": [],
            "service_account_id": "",
            "status": "running",
            "timeouts": null,
            "zone": "ru-central1-a"
          },
          "sensitive_attributes": [],
          "private": "eyJlMmJmYjczMC1lY2FhLTExZTYtOGY4OC0zNDM2M2JjN2M0YzAiOnsiY3JlYXRlIjozMDAwMDAwMDAwMDAsImRlbGV0ZSI6MzAwMDAwMDAwMDAwLCJ1cGRhdGUiOjMwMDAwMDAwMDAwMH0sInNjaGVtYV92ZXJzaW9uIjoiMSJ9",
          "dependencies": [
            "data.local_file.computers",
            "yandex_resourcemanager_folder.my_folder",
            "yandex_vpc_network.my_network",
            "yandex_vpc_subnet.my_subnet"
          ]
        }
      ]
    },
    {
      "mode": "managed",
      "type": "yandex_resourcemanager_folder",
      "name": "my_folder",
      "provider": "provider[\"terraform-registry.storage.yandexcloud.net/yandex-cloud/yandex\"]",
      "instances": [
        {
          "schema_version": 0,
          "attributes": {
            "cloud_id": "b1g9bq3vsmht6q2uevql",
            "created_at": "2023-11-30T09:43:46Z",
            "description": "",
            "id": "b1g39t67vggeoojk6dn8",
            "labels": {},
            "name": "adm25",
            "timeouts": null
          },
          "sensitive_attributes": [],
          "private": "eyJlMmJmYjczMC1lY2FhLTExZTYtOGY4OC0zNDM2M2JjN2M0YzAiOnsiY3JlYXRlIjo2MDAwMDAwMDAwMCwiZGVsZXRlIjoxODAwMDAwMDAwMDAwLCJyZWFkIjo2MDAwMDAwMDAwMCwidXBkYXRlIjo2MDAwMDAwMDAwMH19"
        }
      ]
    },
    {
      "mode": "managed",
      "type": "yandex_vpc_network",
      "name": "my_network",
      "provider": "provider[\"terraform-registry.storage.yandexcloud.net/yandex-cloud/yandex\"]",
      "instances": [
        {
          "schema_version": 0,
          "attributes": {
            "created_at": "2023-11-30T09:43:48Z",
            "default_security_group_id": "enpkbmpcj5o7kosij36k",
            "description": "",
            "folder_id": "b1g39t67vggeoojk6dn8",
            "id": "enpd0qjlllh5ihrdfgkc",
            "labels": {},
            "name": "my-network",
            "subnet_ids": [
              "e9btc6j5dgln4r64845p"
            ],
            "timeouts": null
          },
          "sensitive_attributes": [],
          "private": "eyJlMmJmYjczMC1lY2FhLTExZTYtOGY4OC0zNDM2M2JjN2M0YzAiOnsiY3JlYXRlIjo2MDAwMDAwMDAwMCwiZGVsZXRlIjo2MDAwMDAwMDAwMCwidXBkYXRlIjo2MDAwMDAwMDAwMH19",
          "dependencies": [
            "yandex_resourcemanager_folder.my_folder"
          ]
        }
      ]
    },
    {
      "mode": "managed",
      "type": "yandex_vpc_subnet",
      "name": "my_subnet",
      "provider": "provider[\"terraform-registry.storage.yandexcloud.net/yandex-cloud/yandex\"]",
      "instances": [
        {
          "schema_version": 0,
          "attributes": {
            "created_at": "2023-11-30T09:43:51Z",
            "description": "",
            "dhcp_options": [],
            "folder_id": "b1g39t67vggeoojk6dn8",
            "id": "e9btc6j5dgln4r64845p",
            "labels": {},
            "name": "my-subnet",
            "network_id": "enpd0qjlllh5ihrdfgkc",
            "route_table_id": "",
            "timeouts": null,
            "v4_cidr_blocks": [
              "192.168.10.0/24"
            ],
            "v6_cidr_blocks": [],
            "zone": "ru-central1-a"
          },
          "sensitive_attributes": [],
          "private": "eyJlMmJmYjczMC1lY2FhLTExZTYtOGY4OC0zNDM2M2JjN2M0YzAiOnsiY3JlYXRlIjoxODAwMDAwMDAwMDAsImRlbGV0ZSI6MTgwMDAwMDAwMDAwLCJ1cGRhdGUiOjE4MDAwMDAwMDAwMH19",
          "dependencies": [
            "yandex_resourcemanager_folder.my_folder",
            "yandex_vpc_network.my_network"
          ]
        }
      ]
    }
  ],
  "check_results": null
}
